// !$*UTF8*$!
{
	archiveVersion = 1;
	classes = {
	};
	objectVersion = 50;
	objects = {

/* Begin PBXBuildFile section */
		55157BDD220AFA5200320B2C /* AppDelegate.swift in Sources */ = {isa = PBXBuildFile; fileRef = 55157BDC220AFA5200320B2C /* AppDelegate.swift */; };
		55157BDF220AFA5200320B2C /* ViewController.swift in Sources */ = {isa = PBXBuildFile; fileRef = 55157BDE220AFA5200320B2C /* ViewController.swift */; };
		55157BE2220AFA5200320B2C /* Main.storyboard in Resources */ = {isa = PBXBuildFile; fileRef = 55157BE0220AFA5200320B2C /* Main.storyboard */; };
		55157BE4220AFA5C00320B2C /* Assets.xcassets in Resources */ = {isa = PBXBuildFile; fileRef = 55157BE3220AFA5C00320B2C /* Assets.xcassets */; };
		55157BE7220AFA5C00320B2C /* LaunchScreen.storyboard in Resources */ = {isa = PBXBuildFile; fileRef = 55157BE5220AFA5C00320B2C /* LaunchScreen.storyboard */; };
		55157BEF220BFE0200320B2C /* GoogleService-Info.plist in Resources */ = {isa = PBXBuildFile; fileRef = 55157BEE220BFE0200320B2C /* GoogleService-Info.plist */; };
		9D88E5B6F8AE890C07179E46 /* Pods_CalculatorSample.framework in Frameworks */ = {isa = PBXBuildFile; fileRef = E607B96EA502BFA594F961D0 /* Pods_CalculatorSample.framework */; };
/* End PBXBuildFile section */

/* Begin PBXFileReference section */
		55157BD9220AFA5200320B2C /* CalculatorSample.app */ = {isa = PBXFileReference; explicitFileType = wrapper.application; includeInIndex = 0; path = CalculatorSample.app; sourceTree = BUILT_PRODUCTS_DIR; };
		55157BDC220AFA5200320B2C /* AppDelegate.swift */ = {isa = PBXFileReference; lastKnownFileType = sourcecode.swift; path = AppDelegate.swift; sourceTree = "<group>"; };
		55157BDE220AFA5200320B2C /* ViewController.swift */ = {isa = PBXFileReference; lastKnownFileType = sourcecode.swift; path = ViewController.swift; sourceTree = "<group>"; };
		55157BE1220AFA5200320B2C /* Base */ = {isa = PBXFileReference; lastKnownFileType = file.storyboard; name = Base; path = Base.lproj/Main.storyboard; sourceTree = "<group>"; };
		55157BE3220AFA5C00320B2C /* Assets.xcassets */ = {isa = PBXFileReference; lastKnownFileType = folder.assetcatalog; path = Assets.xcassets; sourceTree = "<group>"; };
		55157BE6220AFA5C00320B2C /* Base */ = {isa = PBXFileReference; lastKnownFileType = file.storyboard; name = Base; path = Base.lproj/LaunchScreen.storyboard; sourceTree = "<group>"; };
		55157BE8220AFA5C00320B2C /* Info.plist */ = {isa = PBXFileReference; lastKnownFileType = text.plist.xml; path = Info.plist; sourceTree = "<group>"; };
		55157BEE220BFE0200320B2C /* GoogleService-Info.plist */ = {isa = PBXFileReference; fileEncoding = 4; lastKnownFileType = text.plist.xml; path = "GoogleService-Info.plist"; sourceTree = "<group>"; };
		B1006D496E414A7D1D47AC41 /* Pods-CalculatorSample.debug.xcconfig */ = {isa = PBXFileReference; includeInIndex = 1; lastKnownFileType = text.xcconfig; name = "Pods-CalculatorSample.debug.xcconfig"; path = "Pods/Target Support Files/Pods-CalculatorSample/Pods-CalculatorSample.debug.xcconfig"; sourceTree = "<group>"; };
		D0C736CEEF497F6454D938C7 /* Pods-CalculatorSample.release.xcconfig */ = {isa = PBXFileReference; includeInIndex = 1; lastKnownFileType = text.xcconfig; name = "Pods-CalculatorSample.release.xcconfig"; path = "Pods/Target Support Files/Pods-CalculatorSample/Pods-CalculatorSample.release.xcconfig"; sourceTree = "<group>"; };
		E607B96EA502BFA594F961D0 /* Pods_CalculatorSample.framework */ = {isa = PBXFileReference; explicitFileType = wrapper.framework; includeInIndex = 0; path = Pods_CalculatorSample.framework; sourceTree = BUILT_PRODUCTS_DIR; };
/* End PBXFileReference section */

/* Begin PBXFrameworksBuildPhase section */
		55157BD6220AFA5200320B2C /* Frameworks */ = {
			isa = PBXFrameworksBuildPhase;
			buildActionMask = 2147483647;
			files = (
				9D88E5B6F8AE890C07179E46 /* Pods_CalculatorSample.framework in Frameworks */,
			);
			runOnlyForDeploymentPostprocessing = 0;
		};
/* End PBXFrameworksBuildPhase section */

/* Begin PBXGroup section */
		55157BD0220AFA5200320B2C = {
			isa = PBXGroup;
			children = (
				55157BDB220AFA5200320B2C /* CalculatorSample */,
				55157BDA220AFA5200320B2C /* Products */,
				DB842C2BA5B680D8C8C5E298 /* Pods */,
				62A073F0BCCC79BDDDBAED0F /* Frameworks */,
			);
			sourceTree = "<group>";
		};
		55157BDA220AFA5200320B2C /* Products */ = {
			isa = PBXGroup;
			children = (
				55157BD9220AFA5200320B2C /* CalculatorSample.app */,
			);
			name = Products;
			sourceTree = "<group>";
		};
		55157BDB220AFA5200320B2C /* CalculatorSample */ = {
			isa = PBXGroup;
			children = (
				55157BDC220AFA5200320B2C /* AppDelegate.swift */,
				55157BDE220AFA5200320B2C /* ViewController.swift */,
				55157BE0220AFA5200320B2C /* Main.storyboard */,
				55157BE3220AFA5C00320B2C /* Assets.xcassets */,
				55157BE5220AFA5C00320B2C /* LaunchScreen.storyboard */,
				55157BE8220AFA5C00320B2C /* Info.plist */,
				55157BEE220BFE0200320B2C /* GoogleService-Info.plist */,
			);
			path = CalculatorSample;
			sourceTree = "<group>";
		};
		62A073F0BCCC79BDDDBAED0F /* Frameworks */ = {
			isa = PBXGroup;
			children = (
				E607B96EA502BFA594F961D0 /* Pods_CalculatorSample.framework */,
			);
			name = Frameworks;
			sourceTree = "<group>";
		};
		DB842C2BA5B680D8C8C5E298 /* Pods */ = {
			isa = PBXGroup;
			children = (
				B1006D496E414A7D1D47AC41 /* Pods-CalculatorSample.debug.xcconfig */,
				D0C736CEEF497F6454D938C7 /* Pods-CalculatorSample.release.xcconfig */,
			);
			name = Pods;
			sourceTree = "<group>";
		};
/* End PBXGroup section */

/* Begin PBXNativeTarget section */
		55157BD8220AFA5200320B2C /* CalculatorSample */ = {
			isa = PBXNativeTarget;
			buildConfigurationList = 55157BEB220AFA5C00320B2C /* Build configuration list for PBXNativeTarget "CalculatorSample" */;
			buildPhases = (
				4D33EA1E0EBDCBCC52033B85 /* [CP] Check Pods Manifest.lock */,
				55157BD5220AFA5200320B2C /* Sources */,
				55157BD6220AFA5200320B2C /* Frameworks */,
				55157BD7220AFA5200320B2C /* Resources */,
				0997B4E49ADFB08A505B7824 /* [CP] Embed Pods Frameworks */,
				55157BF0220C07AB00320B2C /* ShellScript */,
			);
			buildRules = (
			);
			dependencies = (
			);
			name = CalculatorSample;
			productName = CalculatorSample;
			productReference = 55157BD9220AFA5200320B2C /* CalculatorSample.app */;
			productType = "com.apple.product-type.application";
		};
/* End PBXNativeTarget section */

/* Begin PBXProject section */
		55157BD1220AFA5200320B2C /* Project object */ = {
			isa = PBXProject;
			attributes = {
				LastSwiftUpdateCheck = 1010;
				LastUpgradeCheck = 1010;
				ORGANIZATIONNAME = "Ankita Ghosh";
				TargetAttributes = {
					55157BD8220AFA5200320B2C = {
						CreatedOnToolsVersion = 10.1;
					};
				};
			};
			buildConfigurationList = 55157BD4220AFA5200320B2C /* Build configuration list for PBXProject "CalculatorSample" */;
			compatibilityVersion = "Xcode 9.3";
			developmentRegion = en;
			hasScannedForEncodings = 0;
			knownRegions = (
				en,
				Base,
			);
			mainGroup = 55157BD0220AFA5200320B2C;
			productRefGroup = 55157BDA220AFA5200320B2C /* Products */;
			projectDirPath = "";
			projectRoot = "";
			targets = (
				55157BD8220AFA5200320B2C /* CalculatorSample */,
			);
		};
/* End PBXProject section */

/* Begin PBXResourcesBuildPhase section */
		55157BD7220AFA5200320B2C /* Resources */ = {
			isa = PBXResourcesBuildPhase;
			buildActionMask = 2147483647;
			files = (
				55157BE7220AFA5C00320B2C /* LaunchScreen.storyboard in Resources */,
				55157BEF220BFE0200320B2C /* GoogleService-Info.plist in Resources */,
				55157BE4220AFA5C00320B2C /* Assets.xcassets in Resources */,
				55157BE2220AFA5200320B2C /* Main.storyboard in Resources */,
			);
			runOnlyForDeploymentPostprocessing = 0;
		};
/* End PBXResourcesBuildPhase section */

/* Begin PBXShellScriptBuildPhase section */
		0997B4E49ADFB08A505B7824 /* [CP] Embed Pods Frameworks */ = {
			isa = PBXShellScriptBuildPhase;
			buildActionMask = 2147483647;
			files = (
			);
			inputFileListPaths = (
			);
			inputPaths = (
				"${SRCROOT}/Pods/Target Support Files/Pods-CalculatorSample/Pods-CalculatorSample-frameworks.sh",
				"${BUILT_PRODUCTS_DIR}/GoogleUtilities/GoogleUtilities.framework",
				"${BUILT_PRODUCTS_DIR}/nanopb/nanopb.framework",
			);
			name = "[CP] Embed Pods Frameworks";
			outputFileListPaths = (
			);
			outputPaths = (
				"${TARGET_BUILD_DIR}/${FRAMEWORKS_FOLDER_PATH}/GoogleUtilities.framework",
				"${TARGET_BUILD_DIR}/${FRAMEWORKS_FOLDER_PATH}/nanopb.framework",
			);
			runOnlyForDeploymentPostprocessing = 0;
			shellPath = /bin/sh;
			shellScript = "\"${SRCROOT}/Pods/Target Support Files/Pods-CalculatorSample/Pods-CalculatorSample-frameworks.sh\"\n";
			showEnvVarsInLog = 0;
		};
		4D33EA1E0EBDCBCC52033B85 /* [CP] Check Pods Manifest.lock */ = {
			isa = PBXShellScriptBuildPhase;
			buildActionMask = 2147483647;
			files = (
			);
			inputFileListPaths = (
			);
			inputPaths = (
				"${PODS_PODFILE_DIR_PATH}/Podfile.lock",
				"${PODS_ROOT}/Manifest.lock",
			);
			name = "[CP] Check Pods Manifest.lock";
			outputFileListPaths = (
			);
			outputPaths = (
				"$(DERIVED_FILE_DIR)/Pods-CalculatorSample-checkManifestLockResult.txt",
			);
			runOnlyForDeploymentPostprocessing = 0;
			shellPath = /bin/sh;
			shellScript = "diff \"${PODS_PODFILE_DIR_PATH}/Podfile.lock\" \"${PODS_ROOT}/Manifest.lock\" > /dev/null\nif [ $? != 0 ] ; then\n    # print error to STDERR\n    echo \"error: The sandbox is not in sync with the Podfile.lock. Run 'pod install' or update your CocoaPods installation.\" >&2\n    exit 1\nfi\n# This output is used by Xcode 'outputs' to avoid re-running this script phase.\necho \"SUCCESS\" > \"${SCRIPT_OUTPUT_FILE_0}\"\n";
			showEnvVarsInLog = 0;
		};
		55157BF0220C07AB00320B2C /* ShellScript */ = {
			isa = PBXShellScriptBuildPhase;
			buildActionMask = 2147483647;
			files = (
			);
			inputFileListPaths = (
			);
			inputPaths = (
				"$(BUILT_PRODUCTS_DIR)/$(INFOPLIST_PATH)",
			);
			outputFileListPaths = (
			);
			outputPaths = (
			);
			runOnlyForDeploymentPostprocessing = 0;
			shellPath = /bin/sh;
			shellScript = "# Type a script or drag a script file from your workspace to insert its path.\n\"${PODS_ROOT}/Fabric/run\"\n";
		};
/* End PBXShellScriptBuildPhase section */

/* Begin PBXSourcesBuildPhase section */
		55157BD5220AFA5200320B2C /* Sources */ = {
			isa = PBXSourcesBuildPhase;
			buildActionMask = 2147483647;
			files = (
				55157BDF220AFA5200320B2C /* ViewController.swift in Sources */,
				55157BDD220AFA5200320B2C /* AppDelegate.swift in Sources */,
			);
			runOnlyForDeploymentPostprocessing = 0;
		};
/* End PBXSourcesBuildPhase section */

/* Begin PBXVariantGroup section */
		55157BE0220AFA5200320B2C /* Main.storyboard */ = {
			isa = PBXVariantGroup;
			children = (
				55157BE1220AFA5200320B2C /* Base */,
			);
			name = Main.storyboard;
			sourceTree = "<group>";
		};
		55157BE5220AFA5C00320B2C /* LaunchScreen.storyboard */ = {
			isa = PBXVariantGroup;
			children = (
				55157BE6220AFA5C00320B2C /* Base */,
			);
			name = LaunchScreen.storyboard;
			sourceTree = "<group>";
		};
/* End PBXVariantGroup section */

/* Begin XCBuildConfiguration section */
		55157BE9220AFA5C00320B2C /* Debug */ = {
			isa = XCBuildConfiguration;
			buildSettings = {
				ALWAYS_SEARCH_USER_PATHS = NO;
				CLANG_ANALYZER_NONNULL = YES;
				CLANG_ANALYZER_NUMBER_OBJECT_CONVERSION = YES_AGGRESSIVE;
				CLANG_CXX_LANGUAGE_STANDARD = "gnu++14";
				CLANG_CXX_LIBRARY = "libc++";
				CLANG_ENABLE_MODULES = YES;
				CLANG_ENABLE_OBJC_ARC = YES;
				CLANG_ENABLE_OBJC_WEAK = YES;
				CLANG_WARN_BLOCK_CAPTURE_AUTORELEASING = YES;
				CLANG_WARN_BOOL_CONVERSION = YES;
				CLANG_WARN_COMMA = YES;
				CLANG_WARN_CONSTANT_CONVERSION = YES;
				CLANG_WARN_DEPRECATED_OBJC_IMPLEMENTATIONS = YES;
				CLANG_WARN_DIRECT_OBJC_ISA_USAGE = YES_ERROR;
				CLANG_WARN_DOCUMENTATION_COMMENTS = YES;
				CLANG_WARN_EMPTY_BODY = YES;
				CLANG_WARN_ENUM_CONVERSION = YES;
				CLANG_WARN_INFINITE_RECURSION = YES;
				CLANG_WARN_INT_CONVERSION = YES;
				CLANG_WARN_NON_LITERAL_NULL_CONVERSION = YES;
				CLANG_WARN_OBJC_IMPLICIT_RETAIN_SELF = YES;
				CLANG_WARN_OBJC_LITERAL_CONVERSION = YES;
				CLANG_WARN_OBJC_ROOT_CLASS = YES_ERROR;
				CLANG_WARN_RANGE_LOOP_ANALYSIS = YES;
				CLANG_WARN_STRICT_PROTOTYPES = YES;
				CLANG_WARN_SUSPICIOUS_MOVE = YES;
				CLANG_WARN_UNGUARDED_AVAILABILITY = YES_AGGRESSIVE;
				CLANG_WARN_UNREACHABLE_CODE = YES;
				CLANG_WARN__DUPLICATE_METHOD_MATCH = YES;
				CODE_SIGN_IDENTITY = "iPhone Developer";
				COPY_PHASE_STRIP = NO;
				DEBUG_INFORMATION_FORMAT = dwarf;
				ENABLE_STRICT_OBJC_MSGSEND = YES;
				ENABLE_TESTABILITY = YES;
				GCC_C_LANGUAGE_STANDARD = gnu11;
				GCC_DYNAMIC_NO_PIC = NO;
				GCC_NO_COMMON_BLOCKS = YES;
				GCC_OPTIMIZATION_LEVEL = 0;
				GCC_PREPROCESSOR_DEFINITIONS = (
					"DEBUG=1",
					"$(inherited)",
				);
				GCC_WARN_64_TO_32_BIT_CONVERSION = YES;
				GCC_WARN_ABOUT_RETURN_TYPE = YES_ERROR;
				GCC_WARN_UNDECLARED_SELECTOR = YES;
				GCC_WARN_UNINITIALIZED_AUTOS = YES_AGGRESSIVE;
				GCC_WARN_UNUSED_FUNCTION = YES;
				GCC_WARN_UNUSED_VARIABLE = YES;
				IPHONEOS_DEPLOYMENT_TARGET = 12.1;
				MTL_ENABLE_DEBUG_INFO = INCLUDE_SOURCE;
				MTL_FAST_MATH = YES;
				ONLY_ACTIVE_ARCH = YES;
				SDKROOT = iphoneos;
				SWIFT_ACTIVE_COMPILATION_CONDITIONS = DEBUG;
				SWIFT_OPTIMIZATION_LEVEL = "-Onone";
			};
			name = Debug;
		};
		55157BEA220AFA5C00320B2C /* Release */ = {
			isa = XCBuildConfiguration;
			buildSettings = {
				ALWAYS_SEARCH_USER_PATHS = NO;
				CLANG_ANALYZER_NONNULL = YES;
				CLANG_ANALYZER_NUMBER_OBJECT_CONVERSION = YES_AGGRESSIVE;
				CLANG_CXX_LANGUAGE_STANDARD = "gnu++14";
				CLANG_CXX_LIBRARY = "libc++";
				CLANG_ENABLE_MODULES = YES;
				CLANG_ENABLE_OBJC_ARC = YES;
				CLANG_ENABLE_OBJC_WEAK = YES;
				CLANG_WARN_BLOCK_CAPTURE_AUTORELEASING = YES;
				CLANG_WARN_BOOL_CONVERSION = YES;
				CLANG_WARN_COMMA = YES;
				CLANG_WARN_CONSTANT_CONVERSION = YES;
				CLANG_WARN_DEPRECATED_OBJC_IMPLEMENTATIONS = YES;
				CLANG_WARN_DIRECT_OBJC_ISA_USAGE = YES_ERROR;
				CLANG_WARN_DOCUMENTATION_COMMENTS = YES;
				CLANG_WARN_EMPTY_BODY = YES;
				CLANG_WARN_ENUM_CONVERSION = YES;
				CLANG_WARN_INFINITE_RECURSION = YES;
				CLANG_WARN_INT_CONVERSION = YES;
				CLANG_WARN_NON_LITERAL_NULL_CONVERSION = YES;
				CLANG_WARN_OBJC_IMPLICIT_RETAIN_SELF = YES;
				CLANG_WARN_OBJC_LITERAL_CONVERSION = YES;
				CLANG_WARN_OBJC_ROOT_CLASS = YES_ERROR;
				CLANG_WARN_RANGE_LOOP_ANALYSIS = YES;
				CLANG_WARN_STRICT_PROTOTYPES = YES;
				CLANG_WARN_SUSPICIOUS_MOVE = YES;
				CLANG_WARN_UNGUARDED_AVAILABILITY = YES_AGGRESSIVE;
				CLANG_WARN_UNREACHABLE_CODE = YES;
				CLANG_WARN__DUPLICATE_METHOD_MATCH = YES;
				CODE_SIGN_IDENTITY = "iPhone Developer";
				COPY_PHASE_STRIP = NO;
				DEBUG_INFORMATION_FORMAT = "dwarf-with-dsym";
				ENABLE_NS_ASSERTIONS = NO;
				ENABLE_STRICT_OBJC_MSGSEND = YES;
				GCC_C_LANGUAGE_STANDARD = gnu11;
				GCC_NO_COMMON_BLOCKS = YES;
				GCC_WARN_64_TO_32_BIT_CONVERSION = YES;
				GCC_WARN_ABOUT_RETURN_TYPE = YES_ERROR;
				GCC_WARN_UNDECLARED_SELECTOR = YES;
				GCC_WARN_UNINITIALIZED_AUTOS = YES_AGGRESSIVE;
				GCC_WARN_UNUSED_FUNCTION = YES;
				GCC_WARN_UNUSED_VARIABLE = YES;
				IPHONEOS_DEPLOYMENT_TARGET = 12.1;
				MTL_ENABLE_DEBUG_INFO = NO;
				MTL_FAST_MATH = YES;
				SDKROOT = iphoneos;
				SWIFT_COMPILATION_MODE = wholemodule;
				SWIFT_OPTIMIZATION_LEVEL = "-O";
				VALIDATE_PRODUCT = YES;
			};
			name = Release;
		};
		55157BEC220AFA5C00320B2C /* Debug */ = {
			isa = XCBuildConfiguration;
			baseConfigurationReference = B1006D496E414A7D1D47AC41 /* Pods-CalculatorSample.debug.xcconfig */;
			buildSettings = {
				ASSETCATALOG_COMPILER_APPICON_NAME = AppIcon;
				CODE_SIGN_STYLE = Automatic;
				INFOPLIST_FILE = CalculatorSample/Info.plist;
				LD_RUNPATH_SEARCH_PATHS = (
					"$(inherited)",
					"@executable_path/Frameworks",
				);
				PRODUCT_BUNDLE_IDENTIFIER = mebonku.CalculatorSample;
				PRODUCT_NAME = "$(TARGET_NAME)";
				SWIFT_VERSION = 4.2;
				TARGETED_DEVICE_FAMILY = "1,2";
			};
			name = Debug;
		};
		55157BED220AFA5C00320B2C /* Release */ = {
			isa = XCBuildConfiguration;
			baseConfigurationReference = D0C736CEEF497F6454D938C7 /* Pods-CalculatorSample.release.xcconfig */;
			buildSettings = {
				ASSETCATALOG_COMPILER_APPICON_NAME = AppIcon;
				CODE_SIGN_STYLE = Automatic;
				INFOPLIST_FILE = CalculatorSample/Info.plist;
				LD_RUNPATH_SEARCH_PATHS = (
					"$(inherited)",
					"@executable_path/Frameworks",
				);
				PRODUCT_BUNDLE_IDENTIFIER = mebonku.CalculatorSample;
				PRODUCT_NAME = "$(TARGET_NAME)";
				SWIFT_VERSION = 4.2;
				TARGETED_DEVICE_FAMILY = "1,2";
			};
			name = Release;
		};
/* End XCBuildConfiguration section */

/* Begin XCConfigurationList section */
		55157BD4220AFA5200320B2C /* Build configuration list for PBXProject "CalculatorSample" */ = {
			isa = XCConfigurationList;
			buildConfigurations = (
				55157BE9220AFA5C00320B2C /* Debug */,
				55157BEA220AFA5C00320B2C /* Release */,
			);
			defaultConfigurationIsVisible = 0;
			defaultConfigurationName = Release;
		};
		55157BEB220AFA5C00320B2C /* Build configuration list for PBXNativeTarget "CalculatorSample" */ = {
			isa = XCConfigurationList;
			buildConfigurations = (
				55157BEC220AFA5C00320B2C /* Debug */,
				55157BED220AFA5C00320B2C /* Release */,
			);
			defaultConfigurationIsVisible = 0;
			defaultConfigurationName = Release;
		};
/* End XCConfigurationList section */
	};
	rootObject = 55157BD1220AFA5200320B2C /* Project object */;
}
